
Microsoft Visual Studio Solution File, Format Version 12.00
# Visual Studio Version 17
VisualStudioVersion = 17.0.31903.59
MinimumVisualStudioVersion = 10.0.40219.1
Project("{2150E333-8FDC-42A3-9474-1A3956D46DE8}") = "src", "src", "{827E0CD3-B72D-47B6-A68D-7590B98EB39B}"
EndProject
Project("{FAE04EC0-301F-11D3-BF4B-00C04F79EFBC}") = "Passly.AppHost", "src\Passly.AppHost\Passly.AppHost.csproj", "{F0FD2CD4-AD1B-47D2-A445-D0B2CC239197}"
EndProject
Project("{FAE04EC0-301F-11D3-BF4B-00C04F79EFBC}") = "Passly.Api", "src\Passly.Api\Passly.Api.csproj", "{66C02B90-6625-41BF-875A-35BF1418C53B}"
EndProject
Project("{FAE04EC0-301F-11D3-BF4B-00C04F79EFBC}") = "Passly.Abstractions", "src\Passly.Abstractions\Passly.Abstractions.csproj", "{2000981A-3268-4497-81B3-E801BF51D97B}"
EndProject
Project("{FAE04EC0-301F-11D3-BF4B-00C04F79EFBC}") = "Passly.Infrastructure", "src\Passly.Infrastructure\Passly.Infrastructure.csproj", "{9EC09DF5-C915-4F0D-A87D-735FA270F6EB}"
EndProject
Project("{FAE04EC0-301F-11D3-BF4B-00C04F79EFBC}") = "Passly.Web", "src\Passly.Web\Passly.Web.esproj", "{B1C4D5E6-F7A8-49B0-C1D2-E3F4A5B6C7D8}"
EndProject
Project("{FAE04EC0-301F-11D3-BF4B-00C04F79EFBC}") = "Passly.Core", "src\Passly.Core\Passly.Core.csproj", "{2A1630BC-D1DE-4573-81F8-31714657DFA0}"
EndProject
Project("{FAE04EC0-301F-11D3-BF4B-00C04F79EFBC}") = "Passly.Persistence", "src\Passly.Persistence\Passly.Persistence.csproj", "{45DFAA65-9D1C-4E8B-AEEB-4E88E3F60F84}"
EndProject
Project("{2150E333-8FDC-42A3-9474-1A3956D46DE8}") = "tests", "tests", "{0AB3BF05-4346-4AA6-1389-037BE0695223}"
EndProject
Project("{FAE04EC0-301F-11D3-BF4B-00C04F79EFBC}") = "Passly.Core.Tests", "tests\Passly.Core.Tests\Passly.Core.Tests.csproj", "{FC00052D-F79A-4492-9596-37707D33A3A6}"
EndProject
Project("{FAE04EC0-301F-11D3-BF4B-00C04F79EFBC}") = "Passly.Persistence.Tests", "tests\Passly.Persistence.Tests\Passly.Persistence.Tests.csproj", "{8BF4F681-7043-436B-99B1-044A0F617A8E}"
EndProject
Project("{FAE04EC0-301F-11D3-BF4B-00C04F79EFBC}") = "Passly.Api.Tests", "tests\Passly.Api.Tests\Passly.Api.Tests.csproj", "{D0585E35-7FBF-46DA-9EF5-C8D12E6BD53D}"
EndProject
Project("{54A90642-561A-4BB1-A94E-469ADEE60C69}") = "Passly.Mobile", "src\Passly.Mobile\Passly.Mobile.esproj", "{BD3FB586-2DC2-418C-B11E-112A4E642C27}"
EndProject
Global
	GlobalSection(SolutionConfigurationPlatforms) = preSolution
		Debug|Any CPU = Debug|Any CPU
		Debug|x64 = Debug|x64
		Debug|x86 = Debug|x86
		Release|Any CPU = Release|Any CPU
		Release|x64 = Release|x64
		Release|x86 = Release|x86
	EndGlobalSection
	GlobalSection(ProjectConfigurationPlatforms) = postSolution
		{F0FD2CD4-AD1B-47D2-A445-D0B2CC239197}.Debug|Any CPU.ActiveCfg = Debug|Any CPU
		{F0FD2CD4-AD1B-47D2-A445-D0B2CC239197}.Debug|Any CPU.Build.0 = Debug|Any CPU
		{F0FD2CD4-AD1B-47D2-A445-D0B2CC239197}.Debug|x64.ActiveCfg = Debug|Any CPU
		{F0FD2CD4-AD1B-47D2-A445-D0B2CC239197}.Debug|x64.Build.0 = Debug|Any CPU
		{F0FD2CD4-AD1B-47D2-A445-D0B2CC239197}.Debug|x86.ActiveCfg = Debug|Any CPU
		{F0FD2CD4-AD1B-47D2-A445-D0B2CC239197}.Debug|x86.Build.0 = Debug|Any CPU
		{F0FD2CD4-AD1B-47D2-A445-D0B2CC239197}.Release|Any CPU.ActiveCfg = Release|Any CPU
		{F0FD2CD4-AD1B-47D2-A445-D0B2CC239197}.Release|Any CPU.Build.0 = Release|Any CPU
		{F0FD2CD4-AD1B-47D2-A445-D0B2CC239197}.Release|x64.ActiveCfg = Release|Any CPU
		{F0FD2CD4-AD1B-47D2-A445-D0B2CC239197}.Release|x64.Build.0 = Release|Any CPU
		{F0FD2CD4-AD1B-47D2-A445-D0B2CC239197}.Release|x86.ActiveCfg = Release|Any CPU
		{F0FD2CD4-AD1B-47D2-A445-D0B2CC239197}.Release|x86.Build.0 = Release|Any CPU
		{66C02B90-6625-41BF-875A-35BF1418C53B}.Debug|Any CPU.ActiveCfg = Debug|Any CPU
		{66C02B90-6625-41BF-875A-35BF1418C53B}.Debug|Any CPU.Build.0 = Debug|Any CPU
		{66C02B90-6625-41BF-875A-35BF1418C53B}.Debug|x64.ActiveCfg = Debug|Any CPU
		{66C02B90-6625-41BF-875A-35BF1418C53B}.Debug|x64.Build.0 = Debug|Any CPU
		{66C02B90-6625-41BF-875A-35BF1418C53B}.Debug|x86.ActiveCfg = Debug|Any CPU
		{66C02B90-6625-41BF-875A-35BF1418C53B}.Debug|x86.Build.0 = Debug|Any CPU
		{66C02B90-6625-41BF-875A-35BF1418C53B}.Release|Any CPU.ActiveCfg = Release|Any CPU
		{66C02B90-6625-41BF-875A-35BF1418C53B}.Release|Any CPU.Build.0 = Release|Any CPU
		{66C02B90-6625-41BF-875A-35BF1418C53B}.Release|x64.ActiveCfg = Release|Any CPU
		{66C02B90-6625-41BF-875A-35BF1418C53B}.Release|x64.Build.0 = Release|Any CPU
		{66C02B90-6625-41BF-875A-35BF1418C53B}.Release|x86.ActiveCfg = Release|Any CPU
		{66C02B90-6625-41BF-875A-35BF1418C53B}.Release|x86.Build.0 = Release|Any CPU
		{2000981A-3268-4497-81B3-E801BF51D97B}.Debug|Any CPU.ActiveCfg = Debug|Any CPU
		{2000981A-3268-4497-81B3-E801BF51D97B}.Debug|Any CPU.Build.0 = Debug|Any CPU
		{2000981A-3268-4497-81B3-E801BF51D97B}.Debug|x64.ActiveCfg = Debug|Any CPU
		{2000981A-3268-4497-81B3-E801BF51D97B}.Debug|x64.Build.0 = Debug|Any CPU
		{2000981A-3268-4497-81B3-E801BF51D97B}.Debug|x86.ActiveCfg = Debug|Any CPU
		{2000981A-3268-4497-81B3-E801BF51D97B}.Debug|x86.Build.0 = Debug|Any CPU
		{2000981A-3268-4497-81B3-E801BF51D97B}.Release|Any CPU.ActiveCfg = Release|Any CPU
		{2000981A-3268-4497-81B3-E801BF51D97B}.Release|Any CPU.Build.0 = Release|Any CPU
		{2000981A-3268-4497-81B3-E801BF51D97B}.Release|x64.ActiveCfg = Release|Any CPU
		{2000981A-3268-4497-81B3-E801BF51D97B}.Release|x64.Build.0 = Release|Any CPU
		{2000981A-3268-4497-81B3-E801BF51D97B}.Release|x86.ActiveCfg = Release|Any CPU
		{2000981A-3268-4497-81B3-E801BF51D97B}.Release|x86.Build.0 = Release|Any CPU
		{9EC09DF5-C915-4F0D-A87D-735FA270F6EB}.Debug|Any CPU.ActiveCfg = Debug|Any CPU
		{9EC09DF5-C915-4F0D-A87D-735FA270F6EB}.Debug|Any CPU.Build.0 = Debug|Any CPU
		{9EC09DF5-C915-4F0D-A87D-735FA270F6EB}.Debug|x64.ActiveCfg = Debug|Any CPU
		{9EC09DF5-C915-4F0D-A87D-735FA270F6EB}.Debug|x64.Build.0 = Debug|Any CPU
		{9EC09DF5-C915-4F0D-A87D-735FA270F6EB}.Debug|x86.ActiveCfg = Debug|Any CPU
		{9EC09DF5-C915-4F0D-A87D-735FA270F6EB}.Debug|x86.Build.0 = Debug|Any CPU
		{9EC09DF5-C915-4F0D-A87D-735FA270F6EB}.Release|Any CPU.ActiveCfg = Release|Any CPU
		{9EC09DF5-C915-4F0D-A87D-735FA270F6EB}.Release|Any CPU.Build.0 = Release|Any CPU
		{9EC09DF5-C915-4F0D-A87D-735FA270F6EB}.Release|x64.ActiveCfg = Release|Any CPU
		{9EC09DF5-C915-4F0D-A87D-735FA270F6EB}.Release|x64.Build.0 = Release|Any CPU
		{9EC09DF5-C915-4F0D-A87D-735FA270F6EB}.Release|x86.ActiveCfg = Release|Any CPU
		{9EC09DF5-C915-4F0D-A87D-735FA270F6EB}.Release|x86.Build.0 = Release|Any CPU
		{2A1630BC-D1DE-4573-81F8-31714657DFA0}.Debug|Any CPU.ActiveCfg = Debug|Any CPU
		{2A1630BC-D1DE-4573-81F8-31714657DFA0}.Debug|Any CPU.Build.0 = Debug|Any CPU
		{2A1630BC-D1DE-4573-81F8-31714657DFA0}.Debug|x64.ActiveCfg = Debug|Any CPU
		{2A1630BC-D1DE-4573-81F8-31714657DFA0}.Debug|x64.Build.0 = Debug|Any CPU
		{2A1630BC-D1DE-4573-81F8-31714657DFA0}.Debug|x86.ActiveCfg = Debug|Any CPU
		{2A1630BC-D1DE-4573-81F8-31714657DFA0}.Debug|x86.Build.0 = Debug|Any CPU
		{2A1630BC-D1DE-4573-81F8-31714657DFA0}.Release|Any CPU.ActiveCfg = Release|Any CPU
		{2A1630BC-D1DE-4573-81F8-31714657DFA0}.Release|Any CPU.Build.0 = Release|Any CPU
		{2A1630BC-D1DE-4573-81F8-31714657DFA0}.Release|x64.ActiveCfg = Release|Any CPU
		{2A1630BC-D1DE-4573-81F8-31714657DFA0}.Release|x64.Build.0 = Release|Any CPU
		{2A1630BC-D1DE-4573-81F8-31714657DFA0}.Release|x86.ActiveCfg = Release|Any CPU
		{2A1630BC-D1DE-4573-81F8-31714657DFA0}.Release|x86.Build.0 = Release|Any CPU
		{45DFAA65-9D1C-4E8B-AEEB-4E88E3F60F84}.Debug|Any CPU.ActiveCfg = Debug|Any CPU
		{45DFAA65-9D1C-4E8B-AEEB-4E88E3F60F84}.Debug|Any CPU.Build.0 = Debug|Any CPU
		{45DFAA65-9D1C-4E8B-AEEB-4E88E3F60F84}.Debug|x64.ActiveCfg = Debug|Any CPU
		{45DFAA65-9D1C-4E8B-AEEB-4E88E3F60F84}.Debug|x64.Build.0 = Debug|Any CPU
		{45DFAA65-9D1C-4E8B-AEEB-4E88E3F60F84}.Debug|x86.ActiveCfg = Debug|Any CPU
		{45DFAA65-9D1C-4E8B-AEEB-4E88E3F60F84}.Debug|x86.Build.0 = Debug|Any CPU
		{45DFAA65-9D1C-4E8B-AEEB-4E88E3F60F84}.Release|Any CPU.ActiveCfg = Release|Any CPU
		{45DFAA65-9D1C-4E8B-AEEB-4E88E3F60F84}.Release|Any CPU.Build.0 = Release|Any CPU
		{45DFAA65-9D1C-4E8B-AEEB-4E88E3F60F84}.Release|x64.ActiveCfg = Release|Any CPU
		{45DFAA65-9D1C-4E8B-AEEB-4E88E3F60F84}.Release|x64.Build.0 = Release|Any CPU
		{45DFAA65-9D1C-4E8B-AEEB-4E88E3F60F84}.Release|x86.ActiveCfg = Release|Any CPU
		{45DFAA65-9D1C-4E8B-AEEB-4E88E3F60F84}.Release|x86.Build.0 = Release|Any CPU
		{FC00052D-F79A-4492-9596-37707D33A3A6}.Debug|Any CPU.ActiveCfg = Debug|Any CPU
		{FC00052D-F79A-4492-9596-37707D33A3A6}.Debug|Any CPU.Build.0 = Debug|Any CPU
		{FC00052D-F79A-4492-9596-37707D33A3A6}.Debug|x64.ActiveCfg = Debug|Any CPU
		{FC00052D-F79A-4492-9596-37707D33A3A6}.Debug|x64.Build.0 = Debug|Any CPU
		{FC00052D-F79A-4492-9596-37707D33A3A6}.Debug|x86.ActiveCfg = Debug|Any CPU
		{FC00052D-F79A-4492-9596-37707D33A3A6}.Debug|x86.Build.0 = Debug|Any CPU
		{FC00052D-F79A-4492-9596-37707D33A3A6}.Release|Any CPU.ActiveCfg = Release|Any CPU
		{FC00052D-F79A-4492-9596-37707D33A3A6}.Release|Any CPU.Build.0 = Release|Any CPU
		{FC00052D-F79A-4492-9596-37707D33A3A6}.Release|x64.ActiveCfg = Release|Any CPU
		{FC00052D-F79A-4492-9596-37707D33A3A6}.Release|x64.Build.0 = Release|Any CPU
		{FC00052D-F79A-4492-9596-37707D33A3A6}.Release|x86.ActiveCfg = Release|Any CPU
		{FC00052D-F79A-4492-9596-37707D33A3A6}.Release|x86.Build.0 = Release|Any CPU
		{8BF4F681-7043-436B-99B1-044A0F617A8E}.Debug|Any CPU.ActiveCfg = Debug|Any CPU
		{8BF4F681-7043-436B-99B1-044A0F617A8E}.Debug|Any CPU.Build.0 = Debug|Any CPU
		{8BF4F681-7043-436B-99B1-044A0F617A8E}.Debug|x64.ActiveCfg = Debug|Any CPU
		{8BF4F681-7043-436B-99B1-044A0F617A8E}.Debug|x64.Build.0 = Debug|Any CPU
		{8BF4F681-7043-436B-99B1-044A0F617A8E}.Debug|x86.ActiveCfg = Debug|Any CPU
		{8BF4F681-7043-436B-99B1-044A0F617A8E}.Debug|x86.Build.0 = Debug|Any CPU
		{8BF4F681-7043-436B-99B1-044A0F617A8E}.Release|Any CPU.ActiveCfg = Release|Any CPU
		{8BF4F681-7043-436B-99B1-044A0F617A8E}.Release|Any CPU.Build.0 = Release|Any CPU
		{8BF4F681-7043-436B-99B1-044A0F617A8E}.Release|x64.ActiveCfg = Release|Any CPU
		{8BF4F681-7043-436B-99B1-044A0F617A8E}.Release|x64.Build.0 = Release|Any CPU
		{8BF4F681-7043-436B-99B1-044A0F617A8E}.Release|x86.ActiveCfg = Release|Any CPU
		{8BF4F681-7043-436B-99B1-044A0F617A8E}.Release|x86.Build.0 = Release|Any CPU
		{D0585E35-7FBF-46DA-9EF5-C8D12E6BD53D}.Debug|Any CPU.ActiveCfg = Debug|Any CPU
		{D0585E35-7FBF-46DA-9EF5-C8D12E6BD53D}.Debug|Any CPU.Build.0 = Debug|Any CPU
		{D0585E35-7FBF-46DA-9EF5-C8D12E6BD53D}.Debug|x64.ActiveCfg = Debug|Any CPU
		{D0585E35-7FBF-46DA-9EF5-C8D12E6BD53D}.Debug|x64.Build.0 = Debug|Any CPU
		{D0585E35-7FBF-46DA-9EF5-C8D12E6BD53D}.Debug|x86.ActiveCfg = Debug|Any CPU
		{D0585E35-7FBF-46DA-9EF5-C8D12E6BD53D}.Debug|x86.Build.0 = Debug|Any CPU
		{D0585E35-7FBF-46DA-9EF5-C8D12E6BD53D}.Release|Any CPU.ActiveCfg = Release|Any CPU
		{D0585E35-7FBF-46DA-9EF5-C8D12E6BD53D}.Release|Any CPU.Build.0 = Release|Any CPU
		{D0585E35-7FBF-46DA-9EF5-C8D12E6BD53D}.Release|x64.ActiveCfg = Release|Any CPU
		{D0585E35-7FBF-46DA-9EF5-C8D12E6BD53D}.Release|x64.Build.0 = Release|Any CPU
		{D0585E35-7FBF-46DA-9EF5-C8D12E6BD53D}.Release|x86.ActiveCfg = Release|Any CPU
		{D0585E35-7FBF-46DA-9EF5-C8D12E6BD53D}.Release|x86.Build.0 = Release|Any CPU
		{BD3FB586-2DC2-418C-B11E-112A4E642C27}.Debug|Any CPU.ActiveCfg = Debug|Any CPU
		{BD3FB586-2DC2-418C-B11E-112A4E642C27}.Debug|x64.ActiveCfg = Debug|Any CPU
		{BD3FB586-2DC2-418C-B11E-112A4E642C27}.Debug|x86.ActiveCfg = Debug|Any CPU
		{BD3FB586-2DC2-418C-B11E-112A4E642C27}.Release|Any CPU.ActiveCfg = Release|Any CPU
		{BD3FB586-2DC2-418C-B11E-112A4E642C27}.Release|x64.ActiveCfg = Release|Any CPU
		{BD3FB586-2DC2-418C-B11E-112A4E642C27}.Release|x86.ActiveCfg = Release|Any CPU
	EndGlobalSection
	GlobalSection(SolutionProperties) = preSolution
		HideSolutionNode = FALSE
	EndGlobalSection
	GlobalSection(NestedProjects) = preSolution
		{F0FD2CD4-AD1B-47D2-A445-D0B2CC239197} = {827E0CD3-B72D-47B6-A68D-7590B98EB39B}
		{66C02B90-6625-41BF-875A-35BF1418C53B} = {827E0CD3-B72D-47B6-A68D-7590B98EB39B}
		{2000981A-3268-4497-81B3-E801BF51D97B} = {827E0CD3-B72D-47B6-A68D-7590B98EB39B}
		{9EC09DF5-C915-4F0D-A87D-735FA270F6EB} = {827E0CD3-B72D-47B6-A68D-7590B98EB39B}
		{B1C4D5E6-F7A8-49B0-C1D2-E3F4A5B6C7D8} = {827E0CD3-B72D-47B6-A68D-7590B98EB39B}
		{2A1630BC-D1DE-4573-81F8-31714657DFA0} = {827E0CD3-B72D-47B6-A68D-7590B98EB39B}
		{45DFAA65-9D1C-4E8B-AEEB-4E88E3F60F84} = {827E0CD3-B72D-47B6-A68D-7590B98EB39B}
		{FC00052D-F79A-4492-9596-37707D33A3A6} = {0AB3BF05-4346-4AA6-1389-037BE0695223}
		{8BF4F681-7043-436B-99B1-044A0F617A8E} = {0AB3BF05-4346-4AA6-1389-037BE0695223}
		{D0585E35-7FBF-46DA-9EF5-C8D12E6BD53D} = {0AB3BF05-4346-4AA6-1389-037BE0695223}
		{BD3FB586-2DC2-418C-B11E-112A4E642C27} = {827E0CD3-B72D-47B6-A68D-7590B98EB39B}
	EndGlobalSection
EndGlobal
